
Microsoft Visual Studio Solution File, Format Version 12.00
# Visual Studio Version 16
VisualStudioVersion = 16.0.30002.166
MinimumVisualStudioVersion = 10.0.40219.1
Project("{9A19103F-16F7-4668-BE54-9A1E7A4F7556}") = "PublicApi", "src\PublicApi\PublicApi.csproj", "{93796AEE-685D-4BAF-A1CA-03A868CD7517}"
EndProject
Project("{9A19103F-16F7-4668-BE54-9A1E7A4F7556}") = "ApplicationCore", "src\ApplicationCore\ApplicationCore.csproj", "{4EDE3A1A-9706-412D-9426-9A5CF1D2B1AF}"
EndProject
Project("{9A19103F-16F7-4668-BE54-9A1E7A4F7556}") = "Infrastructure", "src\Infrastructure\Infrastructure.csproj", "{CAD013AD-EBFE-4BFC-9BD1-DA286FC07C95}"
EndProject
Project("{FAE04EC0-301F-11D3-BF4B-00C04F79EFBC}") = "Web", "src\Web\Web.csproj", "{7EDB111D-7AD0-487A-AA02-1E4D74C9E7B9}"
EndProject
Global
	GlobalSection(SolutionConfigurationPlatforms) = preSolution
		Debug|Any CPU = Debug|Any CPU
		Release|Any CPU = Release|Any CPU
	EndGlobalSection
	GlobalSection(ProjectConfigurationPlatforms) = postSolution
		{93796AEE-685D-4BAF-A1CA-03A868CD7517}.Debug|Any CPU.ActiveCfg = Debug|Any CPU
		{93796AEE-685D-4BAF-A1CA-03A868CD7517}.Debug|Any CPU.Build.0 = Debug|Any CPU
		{93796AEE-685D-4BAF-A1CA-03A868CD7517}.Release|Any CPU.ActiveCfg = Release|Any CPU
		{93796AEE-685D-4BAF-A1CA-03A868CD7517}.Release|Any CPU.Build.0 = Release|Any CPU
		{4EDE3A1A-9706-412D-9426-9A5CF1D2B1AF}.Debug|Any CPU.ActiveCfg = Debug|Any CPU
		{4EDE3A1A-9706-412D-9426-9A5CF1D2B1AF}.Debug|Any CPU.Build.0 = Debug|Any CPU
		{4EDE3A1A-9706-412D-9426-9A5CF1D2B1AF}.Release|Any CPU.ActiveCfg = Release|Any CPU
		{4EDE3A1A-9706-412D-9426-9A5CF1D2B1AF}.Release|Any CPU.Build.0 = Release|Any CPU
		{CAD013AD-EBFE-4BFC-9BD1-DA286FC07C95}.Debug|Any CPU.ActiveCfg = Debug|Any CPU
		{CAD013AD-EBFE-4BFC-9BD1-DA286FC07C95}.Debug|Any CPU.Build.0 = Debug|Any CPU
		{CAD013AD-EBFE-4BFC-9BD1-DA286FC07C95}.Release|Any CPU.ActiveCfg = Release|Any CPU
		{CAD013AD-EBFE-4BFC-9BD1-DA286FC07C95}.Release|Any CPU.Build.0 = Release|Any CPU
		{7EDB111D-7AD0-487A-AA02-1E4D74C9E7B9}.Debug|Any CPU.ActiveCfg = Debug|Any CPU
		{7EDB111D-7AD0-487A-AA02-1E4D74C9E7B9}.Debug|Any CPU.Build.0 = Debug|Any CPU
		{7EDB111D-7AD0-487A-AA02-1E4D74C9E7B9}.Release|Any CPU.ActiveCfg = Release|Any CPU
		{7EDB111D-7AD0-487A-AA02-1E4D74C9E7B9}.Release|Any CPU.Build.0 = Release|Any CPU
	EndGlobalSection
	GlobalSection(SolutionProperties) = preSolution
		HideSolutionNode = FALSE
	EndGlobalSection
	GlobalSection(ExtensibilityGlobals) = postSolution
		SolutionGuid = {DC51C86E-CBDD-4225-BC90-F6CB3A7F1EEF}
	EndGlobalSection
EndGlobal
